
Microsoft Visual Studio Solution File, Format Version 12.00
# Visual Studio 15
VisualStudioVersion = 15.0.26730.15
MinimumVisualStudioVersion = 10.0.40219.1
Project("{FAE04EC0-301F-11D3-BF4B-00C04F79EFBC}") = "TestSetup", "TestSetup\TestSetup.csproj", "{DA020A39-75AB-4D60-B4D0-78D157C9C2BA}"
EndProject
Project("{54435603-DBB4-11D2-8724-00A0C9A8B90C}") = "SetupProjectTest", "SetupProjectTest\SetupProjectTest.vdproj", "{ED2F814B-088A-4BAF-8617-640A3B75154E}"
EndProject
Global
	GlobalSection(SolutionConfigurationPlatforms) = preSolution
		Debug|Any CPU = Debug|Any CPU
		Release|Any CPU = Release|Any CPU
	EndGlobalSection
	GlobalSection(ProjectConfigurationPlatforms) = postSolution
		{DA020A39-75AB-4D60-B4D0-78D157C9C2BA}.Debug|Any CPU.ActiveCfg = Debug|Any CPU
		{DA020A39-75AB-4D60-B4D0-78D157C9C2BA}.Debug|Any CPU.Build.0 = Debug|Any CPU
		{DA020A39-75AB-4D60-B4D0-78D157C9C2BA}.Release|Any CPU.ActiveCfg = Release|Any CPU
		{DA020A39-75AB-4D60-B4D0-78D157C9C2BA}.Release|Any CPU.Build.0 = Release|Any CPU
		{ED2F814B-088A-4BAF-8617-640A3B75154E}.Debug|Any CPU.ActiveCfg = Debug
		{ED2F814B-088A-4BAF-8617-640A3B75154E}.Release|Any CPU.ActiveCfg = Release
	EndGlobalSection
	GlobalSection(SolutionProperties) = preSolution
		HideSolutionNode = FALSE
	EndGlobalSection
	GlobalSection(ExtensibilityGlobals) = postSolution
		SolutionGuid = {01D2B60A-3E21-4B5E-986C-E4CC975C0CE7}
	EndGlobalSection
EndGlobal
